{
  "requires": true,
  "lockfileVersion": 1,
  "dependencies": {
    "jquery": {
      "version": "3.5.1",
      "resolved": "https://registry.npmjs.org/jquery/-/jquery-3.5.1.tgz",
      "integrity": "sha512-XwIBPqcMn57FxfT+Go5pzySnm4KWkT1Tv7gjrpT1srtf8Weynl6R273VJ5GjkRb51IzMp5nbaPjJXMWeju2MKg=="
    },
    "kendo-ui-core": {
      "version": "2020.3.1118",
      "resolved": "https://registry.npmjs.org/kendo-ui-core/-/kendo-ui-core-2020.3.1118.tgz",
      "integrity": "sha512-N75EzuDVbCdDPfXOGborhkKQhyBvXMRZhxIlhl5jNQTuOp9oeOdMVRchS06/4dyA23Qj+CH1ztreafxB9RRjWw==",
      "requires": {
        "jquery": "3.5.1"
      }
    }
  }
}
